// !$*UTF8*$!
{
	archiveVersion = 1;
	classes = {
	};
	objectVersion = 50;
	objects = {

/* Begin PBXBuildFile section */
		AD441E33207F9E0C009F2CD6 /* AppDelegate.m in Sources */ = {isa = PBXBuildFile; fileRef = AD441E32207F9E0C009F2CD6 /* AppDelegate.m */; };
		AD441E36207F9E0C009F2CD6 /* ViewController.m in Sources */ = {isa = PBXBuildFile; fileRef = AD441E35207F9E0C009F2CD6 /* ViewController.m */; };
		AD441E39207F9E0C009F2CD6 /* Main.storyboard in Resources */ = {isa = PBXBuildFile; fileRef = AD441E37207F9E0C009F2CD6 /* Main.storyboard */; };
		AD441E3B207F9E0F009F2CD6 /* Assets.xcassets in Resources */ = {isa = PBXBuildFile; fileRef = AD441E3A207F9E0F009F2CD6 /* Assets.xcassets */; };
		AD441E3E207F9E0F009F2CD6 /* LaunchScreen.storyboard in Resources */ = {isa = PBXBuildFile; fileRef = AD441E3C207F9E0F009F2CD6 /* LaunchScreen.storyboard */; };
		AD441E41207F9E0F009F2CD6 /* main.m in Sources */ = {isa = PBXBuildFile; fileRef = AD441E40207F9E0F009F2CD6 /* main.m */; };
		AD441E49207F9E3F009F2CD6 /* MSCPresidents.m in Sources */ = {isa = PBXBuildFile; fileRef = AD441E48207F9E3F009F2CD6 /* MSCPresidents.m */; };
		ADCDD00F213338370090E157 /* ClassKitManager.swift in Sources */ = {isa = PBXBuildFile; fileRef = ADCDD00E213338370090E157 /* ClassKitManager.swift */; };
		ADFD34E620F7ED2E00645CE4 /* elections.json in Resources */ = {isa = PBXBuildFile; fileRef = ADFD34E520F7ED2E00645CE4 /* elections.json */; };
		ADFD34E920F7F06300645CE4 /* MSCElections.m in Sources */ = {isa = PBXBuildFile; fileRef = ADFD34E820F7F06300645CE4 /* MSCElections.m */; };
		ADFD34EC20F7F87400645CE4 /* GameplayKit.framework in Frameworks */ = {isa = PBXBuildFile; fileRef = ADFD34EB20F7F87400645CE4 /* GameplayKit.framework */; };
/* End PBXBuildFile section */

/* Begin PBXFileReference section */
		AD441E2E207F9E0C009F2CD6 /* ClassKitPresidents.app */ = {isa = PBXFileReference; explicitFileType = wrapper.application; includeInIndex = 0; path = ClassKitPresidents.app; sourceTree = BUILT_PRODUCTS_DIR; };
		AD441E31207F9E0C009F2CD6 /* AppDelegate.h */ = {isa = PBXFileReference; lastKnownFileType = sourcecode.c.h; path = AppDelegate.h; sourceTree = "<group>"; };
		AD441E32207F9E0C009F2CD6 /* AppDelegate.m */ = {isa = PBXFileReference; lastKnownFileType = sourcecode.c.objc; path = AppDelegate.m; sourceTree = "<group>"; };
		AD441E34207F9E0C009F2CD6 /* ViewController.h */ = {isa = PBXFileReference; lastKnownFileType = sourcecode.c.h; path = ViewController.h; sourceTree = "<group>"; };
		AD441E35207F9E0C009F2CD6 /* ViewController.m */ = {isa = PBXFileReference; lastKnownFileType = sourcecode.c.objc; path = ViewController.m; sourceTree = "<group>"; };
		AD441E38207F9E0C009F2CD6 /* Base */ = {isa = PBXFileReference; lastKnownFileType = file.storyboard; name = Base; path = Base.lproj/Main.storyboard; sourceTree = "<group>"; };
		AD441E3A207F9E0F009F2CD6 /* Assets.xcassets */ = {isa = PBXFileReference; lastKnownFileType = folder.assetcatalog; path = Assets.xcassets; sourceTree = "<group>"; };
		AD441E3D207F9E0F009F2CD6 /* Base */ = {isa = PBXFileReference; lastKnownFileType = file.storyboard; name = Base; path = Base.lproj/LaunchScreen.storyboard; sourceTree = "<group>"; };
		AD441E3F207F9E0F009F2CD6 /* Info.plist */ = {isa = PBXFileReference; lastKnownFileType = text.plist.xml; path = Info.plist; sourceTree = "<group>"; };
		AD441E40207F9E0F009F2CD6 /* main.m */ = {isa = PBXFileReference; lastKnownFileType = sourcecode.c.objc; path = main.m; sourceTree = "<group>"; };
		AD441E47207F9E3F009F2CD6 /* MSCPresidents.h */ = {isa = PBXFileReference; lastKnownFileType = sourcecode.c.h; path = MSCPresidents.h; sourceTree = "<group>"; };
		AD441E48207F9E3F009F2CD6 /* MSCPresidents.m */ = {isa = PBXFileReference; lastKnownFileType = sourcecode.c.objc; path = MSCPresidents.m; sourceTree = "<group>"; };
		AD441E4A207FA0E7009F2CD6 /* ClassKitPresidents.entitlements */ = {isa = PBXFileReference; lastKnownFileType = text.plist.entitlements; path = ClassKitPresidents.entitlements; sourceTree = "<group>"; };
		ADCDD00D213338370090E157 /* ClassKitPresidents-Bridging-Header.h */ = {isa = PBXFileReference; lastKnownFileType = sourcecode.c.h; path = "ClassKitPresidents-Bridging-Header.h"; sourceTree = "<group>"; };
		ADCDD00E213338370090E157 /* ClassKitManager.swift */ = {isa = PBXFileReference; lastKnownFileType = sourcecode.swift; path = ClassKitManager.swift; sourceTree = "<group>"; };
		ADFD34E520F7ED2E00645CE4 /* elections.json */ = {isa = PBXFileReference; lastKnownFileType = text.json; path = elections.json; sourceTree = "<group>"; };
		ADFD34E720F7F06300645CE4 /* MSCElections.h */ = {isa = PBXFileReference; lastKnownFileType = sourcecode.c.h; path = MSCElections.h; sourceTree = "<group>"; };
		ADFD34E820F7F06300645CE4 /* MSCElections.m */ = {isa = PBXFileReference; lastKnownFileType = sourcecode.c.objc; path = MSCElections.m; sourceTree = "<group>"; };
		ADFD34EB20F7F87400645CE4 /* GameplayKit.framework */ = {isa = PBXFileReference; lastKnownFileType = wrapper.framework; name = GameplayKit.framework; path = System/Library/Frameworks/GameplayKit.framework; sourceTree = SDKROOT; };
/* End PBXFileReference section */

/* Begin PBXFrameworksBuildPhase section */
		AD441E2B207F9E0C009F2CD6 /* Frameworks */ = {
			isa = PBXFrameworksBuildPhase;
			buildActionMask = 2147483647;
			files = (
				ADFD34EC20F7F87400645CE4 /* GameplayKit.framework in Frameworks */,
			);
			runOnlyForDeploymentPostprocessing = 0;
		};
/* End PBXFrameworksBuildPhase section */

/* Begin PBXGroup section */
		AD441E25207F9E0C009F2CD6 = {
			isa = PBXGroup;
			children = (
				AD441E30207F9E0C009F2CD6 /* ClassKitPresidents */,
				AD441E2F207F9E0C009F2CD6 /* Products */,
				ADFD34EA20F7F87400645CE4 /* Frameworks */,
			);
			sourceTree = "<group>";
		};
		AD441E2F207F9E0C009F2CD6 /* Products */ = {
			isa = PBXGroup;
			children = (
				AD441E2E207F9E0C009F2CD6 /* ClassKitPresidents.app */,
			);
			name = Products;
			sourceTree = "<group>";
		};
		AD441E30207F9E0C009F2CD6 /* ClassKitPresidents */ = {
			isa = PBXGroup;
			children = (
				ADCDD00E213338370090E157 /* ClassKitManager.swift */,
				ADFD34E520F7ED2E00645CE4 /* elections.json */,
				AD441E4A207FA0E7009F2CD6 /* ClassKitPresidents.entitlements */,
				AD441E47207F9E3F009F2CD6 /* MSCPresidents.h */,
				AD441E48207F9E3F009F2CD6 /* MSCPresidents.m */,
				ADFD34E720F7F06300645CE4 /* MSCElections.h */,
				ADFD34E820F7F06300645CE4 /* MSCElections.m */,
				AD441E31207F9E0C009F2CD6 /* AppDelegate.h */,
				AD441E32207F9E0C009F2CD6 /* AppDelegate.m */,
				AD441E34207F9E0C009F2CD6 /* ViewController.h */,
				AD441E35207F9E0C009F2CD6 /* ViewController.m */,
				AD441E37207F9E0C009F2CD6 /* Main.storyboard */,
				AD441E3A207F9E0F009F2CD6 /* Assets.xcassets */,
				AD441E3C207F9E0F009F2CD6 /* LaunchScreen.storyboard */,
				AD441E3F207F9E0F009F2CD6 /* Info.plist */,
				AD441E40207F9E0F009F2CD6 /* main.m */,
				ADCDD00D213338370090E157 /* ClassKitPresidents-Bridging-Header.h */,
			);
			path = ClassKitPresidents;
			sourceTree = "<group>";
		};
		ADFD34EA20F7F87400645CE4 /* Frameworks */ = {
			isa = PBXGroup;
			children = (
				ADFD34EB20F7F87400645CE4 /* GameplayKit.framework */,
			);
			name = Frameworks;
			sourceTree = "<group>";
		};
/* End PBXGroup section */

/* Begin PBXNativeTarget section */
		AD441E2D207F9E0C009F2CD6 /* ClassKitPresidents */ = {
			isa = PBXNativeTarget;
			buildConfigurationList = AD441E44207F9E0F009F2CD6 /* Build configuration list for PBXNativeTarget "ClassKitPresidents" */;
			buildPhases = (
				AD441E2A207F9E0C009F2CD6 /* Sources */,
				AD441E2B207F9E0C009F2CD6 /* Frameworks */,
				AD441E2C207F9E0C009F2CD6 /* Resources */,
			);
			buildRules = (
			);
			dependencies = (
			);
			name = ClassKitPresidents;
			productName = ClassKitPresidents;
			productReference = AD441E2E207F9E0C009F2CD6 /* ClassKitPresidents.app */;
			productType = "com.apple.product-type.application";
		};
/* End PBXNativeTarget section */

/* Begin PBXProject section */
		AD441E26207F9E0C009F2CD6 /* Project object */ = {
			isa = PBXProject;
			attributes = {
				LastUpgradeCheck = 0940;
				ORGANIZATIONNAME = "Proactive Interactive, LLC";
				TargetAttributes = {
					AD441E2D207F9E0C009F2CD6 = {
						CreatedOnToolsVersion = 9.4;
						LastSwiftMigration = 0940;
						SystemCapabilities = {
							com.apple.ClassKit = {
								enabled = 1;
							};
						};
					};
				};
			};
			buildConfigurationList = AD441E29207F9E0C009F2CD6 /* Build configuration list for PBXProject "ClassKitPresidents" */;
			compatibilityVersion = "Xcode 9.3";
			developmentRegion = en;
			hasScannedForEncodings = 0;
			knownRegions = (
				en,
				Base,
			);
			mainGroup = AD441E25207F9E0C009F2CD6;
			productRefGroup = AD441E2F207F9E0C009F2CD6 /* Products */;
			projectDirPath = "";
			projectRoot = "";
			targets = (
				AD441E2D207F9E0C009F2CD6 /* ClassKitPresidents */,
			);
		};
/* End PBXProject section */

/* Begin PBXResourcesBuildPhase section */
		AD441E2C207F9E0C009F2CD6 /* Resources */ = {
			isa = PBXResourcesBuildPhase;
			buildActionMask = 2147483647;
			files = (
				ADFD34E620F7ED2E00645CE4 /* elections.json in Resources */,
				AD441E3E207F9E0F009F2CD6 /* LaunchScreen.storyboard in Resources */,
				AD441E3B207F9E0F009F2CD6 /* Assets.xcassets in Resources */,
				AD441E39207F9E0C009F2CD6 /* Main.storyboard in Resources */,
			);
			runOnlyForDeploymentPostprocessing = 0;
		};
/* End PBXResourcesBuildPhase section */

/* Begin PBXSourcesBuildPhase section */
		AD441E2A207F9E0C009F2CD6 /* Sources */ = {
			isa = PBXSourcesBuildPhase;
			buildActionMask = 2147483647;
			files = (
				AD441E36207F9E0C009F2CD6 /* ViewController.m in Sources */,
				AD441E41207F9E0F009F2CD6 /* main.m in Sources */,
				AD441E49207F9E3F009F2CD6 /* MSCPresidents.m in Sources */,
				ADFD34E920F7F06300645CE4 /* MSCElections.m in Sources */,
				AD441E33207F9E0C009F2CD6 /* AppDelegate.m in Sources */,
				ADCDD00F213338370090E157 /* ClassKitManager.swift in Sources */,
			);
			runOnlyForDeploymentPostprocessing = 0;
		};
/* End PBXSourcesBuildPhase section */

/* Begin PBXVariantGroup section */
		AD441E37207F9E0C009F2CD6 /* Main.storyboard */ = {
			isa = PBXVariantGroup;
			children = (
				AD441E38207F9E0C009F2CD6 /* Base */,
			);
			name = Main.storyboard;
			sourceTree = "<group>";
		};
		AD441E3C207F9E0F009F2CD6 /* LaunchScreen.storyboard */ = {
			isa = PBXVariantGroup;
			children = (
				AD441E3D207F9E0F009F2CD6 /* Base */,
			);
			name = LaunchScreen.storyboard;
			sourceTree = "<group>";
		};
/* End PBXVariantGroup section */

/* Begin XCBuildConfiguration section */
		AD441E42207F9E0F009F2CD6 /* Debug */ = {
			isa = XCBuildConfiguration;
			buildSettings = {
				ALWAYS_SEARCH_USER_PATHS = NO;
				CLANG_ANALYZER_NONNULL = YES;
				CLANG_ANALYZER_NUMBER_OBJECT_CONVERSION = YES_AGGRESSIVE;
				CLANG_CXX_LANGUAGE_STANDARD = "gnu++14";
				CLANG_CXX_LIBRARY = "libc++";
				CLANG_ENABLE_MODULES = YES;
				CLANG_ENABLE_OBJC_ARC = YES;
				CLANG_ENABLE_OBJC_WEAK = YES;
				CLANG_WARN_BLOCK_CAPTURE_AUTORELEASING = YES;
				CLANG_WARN_BOOL_CONVERSION = YES;
				CLANG_WARN_COMMA = YES;
				CLANG_WARN_CONSTANT_CONVERSION = YES;
				CLANG_WARN_DEPRECATED_OBJC_IMPLEMENTATIONS = YES;
				CLANG_WARN_DIRECT_OBJC_ISA_USAGE = YES_ERROR;
				CLANG_WARN_DOCUMENTATION_COMMENTS = YES;
				CLANG_WARN_EMPTY_BODY = YES;
				CLANG_WARN_ENUM_CONVERSION = YES;
				CLANG_WARN_INFINITE_RECURSION = YES;
				CLANG_WARN_INT_CONVERSION = YES;
				CLANG_WARN_NON_LITERAL_NULL_CONVERSION = YES;
				CLANG_WARN_OBJC_IMPLICIT_RETAIN_SELF = YES;
				CLANG_WARN_OBJC_LITERAL_CONVERSION = YES;
				CLANG_WARN_OBJC_ROOT_CLASS = YES_ERROR;
				CLANG_WARN_RANGE_LOOP_ANALYSIS = YES;
				CLANG_WARN_STRICT_PROTOTYPES = YES;
				CLANG_WARN_SUSPICIOUS_MOVE = YES;
				CLANG_WARN_UNGUARDED_AVAILABILITY = YES_AGGRESSIVE;
				CLANG_WARN_UNREACHABLE_CODE = YES;
				CLANG_WARN__DUPLICATE_METHOD_MATCH = YES;
				CODE_SIGN_IDENTITY = "iPhone Developer";
				COPY_PHASE_STRIP = NO;
				DEBUG_INFORMATION_FORMAT = dwarf;
				ENABLE_STRICT_OBJC_MSGSEND = YES;
				ENABLE_TESTABILITY = YES;
				GCC_C_LANGUAGE_STANDARD = gnu11;
				GCC_DYNAMIC_NO_PIC = NO;
				GCC_NO_COMMON_BLOCKS = YES;
				GCC_OPTIMIZATION_LEVEL = 0;
				GCC_PREPROCESSOR_DEFINITIONS = (
					"DEBUG=1",
					"$(inherited)",
				);
				GCC_WARN_64_TO_32_BIT_CONVERSION = YES;
				GCC_WARN_ABOUT_RETURN_TYPE = YES_ERROR;
				GCC_WARN_UNDECLARED_SELECTOR = YES;
				GCC_WARN_UNINITIALIZED_AUTOS = YES_AGGRESSIVE;
				GCC_WARN_UNUSED_FUNCTION = YES;
				GCC_WARN_UNUSED_VARIABLE = YES;
				IPHONEOS_DEPLOYMENT_TARGET = 11.4;
				MTL_ENABLE_DEBUG_INFO = YES;
				ONLY_ACTIVE_ARCH = YES;
				SDKROOT = iphoneos11.4;
			};
			name = Debug;
		};
		AD441E43207F9E0F009F2CD6 /* Release */ = {
			isa = XCBuildConfiguration;
			buildSettings = {
				ALWAYS_SEARCH_USER_PATHS = NO;
				CLANG_ANALYZER_NONNULL = YES;
				CLANG_ANALYZER_NUMBER_OBJECT_CONVERSION = YES_AGGRESSIVE;
				CLANG_CXX_LANGUAGE_STANDARD = "gnu++14";
				CLANG_CXX_LIBRARY = "libc++";
				CLANG_ENABLE_MODULES = YES;
				CLANG_ENABLE_OBJC_ARC = YES;
				CLANG_ENABLE_OBJC_WEAK = YES;
				CLANG_WARN_BLOCK_CAPTURE_AUTORELEASING = YES;
				CLANG_WARN_BOOL_CONVERSION = YES;
				CLANG_WARN_COMMA = YES;
				CLANG_WARN_CONSTANT_CONVERSION = YES;
				CLANG_WARN_DEPRECATED_OBJC_IMPLEMENTATIONS = YES;
				CLANG_WARN_DIRECT_OBJC_ISA_USAGE = YES_ERROR;
				CLANG_WARN_DOCUMENTATION_COMMENTS = YES;
				CLANG_WARN_EMPTY_BODY = YES;
				CLANG_WARN_ENUM_CONVERSION = YES;
				CLANG_WARN_INFINITE_RECURSION = YES;
				CLANG_WARN_INT_CONVERSION = YES;
				CLANG_WARN_NON_LITERAL_NULL_CONVERSION = YES;
				CLANG_WARN_OBJC_IMPLICIT_RETAIN_SELF = YES;
				CLANG_WARN_OBJC_LITERAL_CONVERSION = YES;
				CLANG_WARN_OBJC_ROOT_CLASS = YES_ERROR;
				CLANG_WARN_RANGE_LOOP_ANALYSIS = YES;
				CLANG_WARN_STRICT_PROTOTYPES = YES;
				CLANG_WARN_SUSPICIOUS_MOVE = YES;
				CLANG_WARN_UNGUARDED_AVAILABILITY = YES_AGGRESSIVE;
				CLANG_WARN_UNREACHABLE_CODE = YES;
				CLANG_WARN__DUPLICATE_METHOD_MATCH = YES;
				CODE_SIGN_IDENTITY = "iPhone Developer";
				COPY_PHASE_STRIP = NO;
				DEBUG_INFORMATION_FORMAT = "dwarf-with-dsym";
				ENABLE_NS_ASSERTIONS = NO;
				ENABLE_STRICT_OBJC_MSGSEND = YES;
				GCC_C_LANGUAGE_STANDARD = gnu11;
				GCC_NO_COMMON_BLOCKS = YES;
				GCC_WARN_64_TO_32_BIT_CONVERSION = YES;
				GCC_WARN_ABOUT_RETURN_TYPE = YES_ERROR;
				GCC_WARN_UNDECLARED_SELECTOR = YES;
				GCC_WARN_UNINITIALIZED_AUTOS = YES_AGGRESSIVE;
				GCC_WARN_UNUSED_FUNCTION = YES;
				GCC_WARN_UNUSED_VARIABLE = YES;
				IPHONEOS_DEPLOYMENT_TARGET = 11.4;
				MTL_ENABLE_DEBUG_INFO = NO;
				SDKROOT = iphoneos11.4;
				VALIDATE_PRODUCT = YES;
			};
			name = Release;
		};
		AD441E45207F9E0F009F2CD6 /* Debug */ = {
			isa = XCBuildConfiguration;
			buildSettings = {
				ASSETCATALOG_COMPILER_APPICON_NAME = AppIcon;
				CLANG_ENABLE_MODULES = YES;
				CODE_SIGN_ENTITLEMENTS = ClassKitPresidents/ClassKitPresidents.entitlements;
				CODE_SIGN_STYLE = Automatic;
				DEVELOPMENT_TEAM = J2DK828368;
				INFOPLIST_FILE = ClassKitPresidents/Info.plist;
				LD_RUNPATH_SEARCH_PATHS = (
					"$(inherited)",
					"@executable_path/Frameworks",
				);
				PRODUCT_BUNDLE_IDENTIFIER = com.proactiveinteractive.ClassKitPresidents;
				PRODUCT_NAME = "$(TARGET_NAME)";
				SWIFT_OBJC_BRIDGING_HEADER = "ClassKitPresidents/ClassKitPresidents-Bridging-Header.h";
				SWIFT_OPTIMIZATION_LEVEL = "-Onone";
				SWIFT_VERSION = 3.0;
				TARGETED_DEVICE_FAMILY = 2;
			};
			name = Debug;
		};
		AD441E46207F9E0F009F2CD6 /* Release */ = {
			isa = XCBuildConfiguration;
			buildSettings = {
				ASSETCATALOG_COMPILER_APPICON_NAME = AppIcon;
				CLANG_ENABLE_MODULES = YES;
				CODE_SIGN_ENTITLEMENTS = ClassKitPresidents/ClassKitPresidents.entitlements;
				CODE_SIGN_STYLE = Automatic;
				DEVELOPMENT_TEAM = J2DK828368;
				INFOPLIST_FILE = ClassKitPresidents/Info.plist;
				LD_RUNPATH_SEARCH_PATHS = (
					"$(inherited)",
					"@executable_path/Frameworks",
				);
				PRODUCT_BUNDLE_IDENTIFIER = com.proactiveinteractive.ClassKitPresidents;
				PRODUCT_NAME = "$(TARGET_NAME)";
				SWIFT_OBJC_BRIDGING_HEADER = "ClassKitPresidents/ClassKitPresidents-Bridging-Header.h";
				SWIFT_VERSION = 3.0;
				TARGETED_DEVICE_FAMILY = 2;
			};
			name = Release;
		};
/* End XCBuildConfiguration section */

/* Begin XCConfigurationList section */
		AD441E29207F9E0C009F2CD6 /* Build configuration list for PBXProject "ClassKitPresidents" */ = {
			isa = XCConfigurationList;
			buildConfigurations = (
				AD441E42207F9E0F009F2CD6 /* Debug */,
				AD441E43207F9E0F009F2CD6 /* Release */,
			);
			defaultConfigurationIsVisible = 0;
			defaultConfigurationName = Release;
		};
		AD441E44207F9E0F009F2CD6 /* Build configuration list for PBXNativeTarget "ClassKitPresidents" */ = {
			isa = XCConfigurationList;
			buildConfigurations = (
				AD441E45207F9E0F009F2CD6 /* Debug */,
				AD441E46207F9E0F009F2CD6 /* Release */,
			);
			defaultConfigurationIsVisible = 0;
			defaultConfigurationName = Release;
		};
/* End XCConfigurationList section */
	};
	rootObject = AD441E26207F9E0C009F2CD6 /* Project object */;
}
